// !$*UTF8*$!
{
	archiveVersion = 1;
	classes = {
	};
	objectVersion = 46;
	objects = {

/* Begin PBXBuildFile section */
		6717BF561E6664E600E2521D /* libhmm.a in Frameworks */ = {isa = PBXBuildFile; fileRef = 6717BF281E66595F00E2521D /* libhmm.a */; };
		6717BF931E688EA400E2521D /* libglog.a in Frameworks */ = {isa = PBXBuildFile; fileRef = 6717BF921E688EA400E2521D /* libglog.a */; };
		6717BF951E68907900E2521D /* libgflags.dylib in Frameworks */ = {isa = PBXBuildFile; fileRef = 6717BF941E68907900E2521D /* libgflags.dylib */; };
		6717BF961E68923500E2521D /* libgflags.dylib in Frameworks */ = {isa = PBXBuildFile; fileRef = 6717BF941E68907900E2521D /* libgflags.dylib */; };
		6761594F1EB0F1F600DF0B69 /* libgtest.a in Frameworks */ = {isa = PBXBuildFile; fileRef = 6761594E1EB0F1F600DF0B69 /* libgtest.a */; };
		6761595E1EB296F000DF0B69 /* common.h in Headers */ = {isa = PBXBuildFile; fileRef = 6761595D1EB295CF00DF0B69 /* common.h */; };
		676D6FE61E92DFD800ECB684 /* hmmdist_test.cpp in Sources */ = {isa = PBXBuildFile; fileRef = 676D6FE51E92DFD800ECB684 /* hmmdist_test.cpp */; };
		676D6FE81E92DFED00ECB684 /* hmmdist.cpp in Sources */ = {isa = PBXBuildFile; fileRef = 676D6FE71E92DFED00ECB684 /* hmmdist.cpp */; };
		676D6FF01E92E27200ECB684 /* main.cpp in Sources */ = {isa = PBXBuildFile; fileRef = 676D6FEF1E92E27200ECB684 /* main.cpp */; };
		676D6FF61E92E28E00ECB684 /* liblapack.a in Frameworks */ = {isa = PBXBuildFile; fileRef = 676D6FF41E92E28E00ECB684 /* liblapack.a */; };
		676D6FF71E92E28E00ECB684 /* liblapacke.a in Frameworks */ = {isa = PBXBuildFile; fileRef = 676D6FF51E92E28E00ECB684 /* liblapacke.a */; };
		676D6FF91E92E2C200ECB684 /* libcblas.a in Frameworks */ = {isa = PBXBuildFile; fileRef = 676D6FF81E92E2C200ECB684 /* libcblas.a */; };
		676D6FFB1E92E2DC00ECB684 /* librefblas.a in Frameworks */ = {isa = PBXBuildFile; fileRef = 676D6FFA1E92E2DC00ECB684 /* librefblas.a */; };
		676D70051E92E72200ECB684 /* main.cpp in Sources */ = {isa = PBXBuildFile; fileRef = 676D70041E92E72200ECB684 /* main.cpp */; };
		676D70091E92E73500ECB684 /* Accelerate.framework in Frameworks */ = {isa = PBXBuildFile; fileRef = 67F962071E7078A000482330 /* Accelerate.framework */; };
		676D700C1E92EC5600ECB684 /* lapacke_example_aux.c in Sources */ = {isa = PBXBuildFile; fileRef = 676D700A1E92EC5600ECB684 /* lapacke_example_aux.c */; };
		676D700E1E92ED2600ECB684 /* libgfortran.dylib in Frameworks */ = {isa = PBXBuildFile; fileRef = 676D700D1E92ED2600ECB684 /* libgfortran.dylib */; };
		67A95F721E81AB210039AD66 /* test_common.cpp in Sources */ = {isa = PBXBuildFile; fileRef = 67A95F711E81AB210039AD66 /* test_common.cpp */; };
		67F962081E7078A000482330 /* Accelerate.framework in Frameworks */ = {isa = PBXBuildFile; fileRef = 67F962071E7078A000482330 /* Accelerate.framework */; };
		67F9625B1E707FBF00482330 /* cluster.h in Headers */ = {isa = PBXBuildFile; fileRef = 67F962471E707FBF00482330 /* cluster.h */; };
		67F9625C1E707FBF00482330 /* dist_utils.h in Headers */ = {isa = PBXBuildFile; fileRef = 67F962481E707FBF00482330 /* dist_utils.h */; };
		67F9625D1E707FBF00482330 /* hmm.h in Headers */ = {isa = PBXBuildFile; fileRef = 67F962491E707FBF00482330 /* hmm.h */; };
		67F9625E1E707FBF00482330 /* matrix.h in Headers */ = {isa = PBXBuildFile; fileRef = 67F9624A1E707FBF00482330 /* matrix.h */; };
		67F9625F1E707FBF00482330 /* blas_like.h in Headers */ = {isa = PBXBuildFile; fileRef = 67F9624C1E707FBF00482330 /* blas_like.h */; };
		67F962601E707FBF00482330 /* blas_utils.h in Headers */ = {isa = PBXBuildFile; fileRef = 67F9624D1E707FBF00482330 /* blas_utils.h */; };
		67F962611E707FBF00482330 /* cblas.h in Headers */ = {isa = PBXBuildFile; fileRef = 67F9624E1E707FBF00482330 /* cblas.h */; };
		67F962621E707FBF00482330 /* utils.h in Headers */ = {isa = PBXBuildFile; fileRef = 67F9624F1E707FBF00482330 /* utils.h */; };
		67F962631E707FBF00482330 /* cluster.cpp in Sources */ = {isa = PBXBuildFile; fileRef = 67F962511E707FBF00482330 /* cluster.cpp */; };
		67F962641E707FBF00482330 /* dist_utils.cpp in Sources */ = {isa = PBXBuildFile; fileRef = 67F962521E707FBF00482330 /* dist_utils.cpp */; };
		67F962651E707FBF00482330 /* estimate.cpp in Sources */ = {isa = PBXBuildFile; fileRef = 67F962531E707FBF00482330 /* estimate.cpp */; };
		67F962671E707FBF00482330 /* hmm.cpp in Sources */ = {isa = PBXBuildFile; fileRef = 67F962551E707FBF00482330 /* hmm.cpp */; };
		67F962681E707FBF00482330 /* prob.cpp in Sources */ = {isa = PBXBuildFile; fileRef = 67F962561E707FBF00482330 /* prob.cpp */; };
		67F9626A1E707FBF00482330 /* blas_like64.cpp in Sources */ = {isa = PBXBuildFile; fileRef = 67F962591E707FBF00482330 /* blas_like64.cpp */; };
		67F962731E707FD600482330 /* dist_utils_test.cpp in Sources */ = {isa = PBXBuildFile; fileRef = 67F9626D1E707FD600482330 /* dist_utils_test.cpp */; };
		67F962741E707FD600482330 /* gtest_main.cpp in Sources */ = {isa = PBXBuildFile; fileRef = 67F9626E1E707FD600482330 /* gtest_main.cpp */; };
		67F962751E707FD600482330 /* matrix_test.cpp in Sources */ = {isa = PBXBuildFile; fileRef = 67F962701E707FD600482330 /* matrix_test.cpp */; };
		67F962761E707FD600482330 /* modelio_test.cpp in Sources */ = {isa = PBXBuildFile; fileRef = 67F962711E707FD600482330 /* modelio_test.cpp */; };
		67F962771E707FD600482330 /* utils_test.cpp in Sources */ = {isa = PBXBuildFile; fileRef = 67F962721E707FD600482330 /* utils_test.cpp */; };
		67F962791E70800900482330 /* main.cpp in Sources */ = {isa = PBXBuildFile; fileRef = 67F962781E70800900482330 /* main.cpp */; };
		67F9627D1E70813C00482330 /* libglog.dylib in Frameworks */ = {isa = PBXBuildFile; fileRef = 67F9627C1E70813C00482330 /* libglog.dylib */; };
		67F962821E70825900482330 /* libhmm.a in Frameworks */ = {isa = PBXBuildFile; fileRef = 6717BF281E66595F00E2521D /* libhmm.a */; };
		67F962841E7082D400482330 /* libglog.dylib in Frameworks */ = {isa = PBXBuildFile; fileRef = 67F9627C1E70813C00482330 /* libglog.dylib */; };
		67F962B51E70B40A00482330 /* gtest-all.cc in Sources */ = {isa = PBXBuildFile; fileRef = 67F962B41E70B40A00482330 /* gtest-all.cc */; };
		67F962C61E70E76000482330 /* mosek_solver.cpp in Sources */ = {isa = PBXBuildFile; fileRef = 67F962B61E70E6CF00482330 /* mosek_solver.cpp */; };
		67F962C81E70EBE400482330 /* mosek_solver.h in Headers */ = {isa = PBXBuildFile; fileRef = 67F962C71E70E80400482330 /* mosek_solver.h */; settings = {ATTRIBUTES = (Public, ); }; };
		67F962CA1E70F1D500482330 /* libmosek64.7.1.dylib in Frameworks */ = {isa = PBXBuildFile; fileRef = 67F962C91E70F1D500482330 /* libmosek64.7.1.dylib */; };
		67F962CC1E70F98F00482330 /* mosek_solver_test.cpp in Sources */ = {isa = PBXBuildFile; fileRef = 67F962CB1E70F98F00482330 /* mosek_solver_test.cpp */; };
		67F962CD1E70F9DC00482330 /* libmosek64_wrapper.dylib in Frameworks */ = {isa = PBXBuildFile; fileRef = 67F962BB1E70E74C00482330 /* libmosek64_wrapper.dylib */; };
		67F963111E74B1CE00482330 /* estimate_test.cpp in Sources */ = {isa = PBXBuildFile; fileRef = 67F963101E74B1CE00482330 /* estimate_test.cpp */; };
/* End PBXBuildFile section */

/* Begin PBXContainerItemProxy section */
		6717BF4F1E66602600E2521D /* PBXContainerItemProxy */ = {
			isa = PBXContainerItemProxy;
			containerPortal = 294549C11BDD68C000281995 /* Project object */;
			proxyType = 1;
			remoteGlobalIDString = 6717BEFE1E6641D000E2521D;
			remoteInfo = gtest;
		};
		6717BF541E6664DF00E2521D /* PBXContainerItemProxy */ = {
			isa = PBXContainerItemProxy;
			containerPortal = 294549C11BDD68C000281995 /* Project object */;
			proxyType = 1;
			remoteGlobalIDString = 6717BF271E66595F00E2521D;
			remoteInfo = hmm;
		};
		67F9627E1E70815100482330 /* PBXContainerItemProxy */ = {
			isa = PBXContainerItemProxy;
			containerPortal = 294549C11BDD68C000281995 /* Project object */;
			proxyType = 1;
			remoteGlobalIDString = 6717BF271E66595F00E2521D;
			remoteInfo = hmm;
		};
/* End PBXContainerItemProxy section */

/* Begin PBXCopyFilesBuildPhase section */
		294549C71BDD68C000281995 /* CopyFiles */ = {
			isa = PBXCopyFilesBuildPhase;
			buildActionMask = 2147483647;
			dstPath = /usr/share/man/man1/;
			dstSubfolderSpec = 0;
			files = (
			);
			runOnlyForDeploymentPostprocessing = 1;
		};
		6717BEE41E651AD300E2521D /* CopyFiles */ = {
			isa = PBXCopyFilesBuildPhase;
			buildActionMask = 2147483647;
			dstPath = /usr/share/man/man1/;
			dstSubfolderSpec = 0;
			files = (
			);
			runOnlyForDeploymentPostprocessing = 1;
		};
		676D6FEB1E92E27200ECB684 /* CopyFiles */ = {
			isa = PBXCopyFilesBuildPhase;
			buildActionMask = 2147483647;
			dstPath = /usr/share/man/man1/;
			dstSubfolderSpec = 0;
			files = (
			);
			runOnlyForDeploymentPostprocessing = 1;
		};
		676D70001E92E72200ECB684 /* CopyFiles */ = {
			isa = PBXCopyFilesBuildPhase;
			buildActionMask = 2147483647;
			dstPath = /usr/share/man/man1/;
			dstSubfolderSpec = 0;
			files = (
			);
			runOnlyForDeploymentPostprocessing = 1;
		};
/* End PBXCopyFilesBuildPhase section */

/* Begin PBXFileReference section */
		294549C91BDD68C000281995 /* hmm_aw */ = {isa = PBXFileReference; explicitFileType = "compiled.mach-o.executable"; includeInIndex = 0; path = hmm_aw; sourceTree = BUILT_PRODUCTS_DIR; };
		6717BEE61E651AD300E2521D /* hmm_awTest */ = {isa = PBXFileReference; explicitFileType = "compiled.mach-o.executable"; includeInIndex = 0; path = hmm_awTest; sourceTree = BUILT_PRODUCTS_DIR; };
		6717BEFF1E6641D000E2521D /* libgtest.a */ = {isa = PBXFileReference; explicitFileType = archive.ar; includeInIndex = 0; path = libgtest.a; sourceTree = BUILT_PRODUCTS_DIR; };
		6717BF281E66595F00E2521D /* libhmm.a */ = {isa = PBXFileReference; explicitFileType = archive.ar; includeInIndex = 0; path = libhmm.a; sourceTree = BUILT_PRODUCTS_DIR; };
		6717BF921E688EA400E2521D /* libglog.a */ = {isa = PBXFileReference; lastKnownFileType = archive.ar; name = libglog.a; path = ../../../../../../usr/local/Cellar/glog/0.3.4_1/lib/libglog.a; sourceTree = "<group>"; };
		6717BF941E68907900E2521D /* libgflags.dylib */ = {isa = PBXFileReference; lastKnownFileType = "compiled.mach-o.dylib"; name = libgflags.dylib; path = ../../../../../../usr/local/Cellar/gflags/2.2.0/lib/libgflags.dylib; sourceTree = "<group>"; };
		6761594E1EB0F1F600DF0B69 /* libgtest.a */ = {isa = PBXFileReference; lastKnownFileType = archive.ar; name = libgtest.a; path = ../googletest/libgtest.a; sourceTree = "<group>"; };
		6761595D1EB295CF00DF0B69 /* common.h */ = {isa = PBXFileReference; lastKnownFileType = sourcecode.c.h; path = common.h; sourceTree = "<group>"; };
		6761595F1EB2D64900DF0B69 /* optimaltransport.h */ = {isa = PBXFileReference; lastKnownFileType = sourcecode.c.h; path = optimaltransport.h; sourceTree = "<group>"; };
		676D6FE51E92DFD800ECB684 /* hmmdist_test.cpp */ = {isa = PBXFileReference; fileEncoding = 4; lastKnownFileType = sourcecode.cpp.cpp; path = hmmdist_test.cpp; sourceTree = "<group>"; };
		676D6FE71E92DFED00ECB684 /* hmmdist.cpp */ = {isa = PBXFileReference; fileEncoding = 4; lastKnownFileType = sourcecode.cpp.cpp; path = hmmdist.cpp; sourceTree = "<group>"; };
		676D6FED1E92E27200ECB684 /* testlapacke */ = {isa = PBXFileReference; explicitFileType = "compiled.mach-o.executable"; includeInIndex = 0; path = testlapacke; sourceTree = BUILT_PRODUCTS_DIR; };
		676D6FEF1E92E27200ECB684 /* main.cpp */ = {isa = PBXFileReference; lastKnownFileType = sourcecode.cpp.cpp; path = main.cpp; sourceTree = "<group>"; };
		676D6FF41E92E28E00ECB684 /* liblapack.a */ = {isa = PBXFileReference; lastKnownFileType = archive.ar; name = liblapack.a; path = ../../../../../../../usr/local/lib/liblapack.a; sourceTree = "<group>"; };
		676D6FF51E92E28E00ECB684 /* liblapacke.a */ = {isa = PBXFileReference; lastKnownFileType = archive.ar; name = liblapacke.a; path = ../../../../../../../usr/local/lib/liblapacke.a; sourceTree = "<group>"; };
		676D6FF81E92E2C200ECB684 /* libcblas.a */ = {isa = PBXFileReference; lastKnownFileType = archive.ar; name = libcblas.a; path = ../../../../../../../usr/local/lib/libcblas.a; sourceTree = "<group>"; };
		676D6FFA1E92E2DC00ECB684 /* librefblas.a */ = {isa = PBXFileReference; lastKnownFileType = archive.ar; name = librefblas.a; path = ../../../../../../../usr/local/lib/librefblas.a; sourceTree = "<group>"; };
		676D6FFC1E92E31200ECB684 /* lapacke_mangling.h */ = {isa = PBXFileReference; fileEncoding = 4; lastKnownFileType = sourcecode.c.h; path = lapacke_mangling.h; sourceTree = "<group>"; };
		676D6FFD1E92E31200ECB684 /* lapacke.h */ = {isa = PBXFileReference; fileEncoding = 4; lastKnownFileType = sourcecode.c.h; path = lapacke.h; sourceTree = "<group>"; };
		676D70021E92E72200ECB684 /* testclapack */ = {isa = PBXFileReference; explicitFileType = "compiled.mach-o.executable"; includeInIndex = 0; path = testclapack; sourceTree = BUILT_PRODUCTS_DIR; };
		676D70041E92E72200ECB684 /* main.cpp */ = {isa = PBXFileReference; lastKnownFileType = sourcecode.cpp.cpp; path = main.cpp; sourceTree = "<group>"; };
		676D700A1E92EC5600ECB684 /* lapacke_example_aux.c */ = {isa = PBXFileReference; fileEncoding = 4; lastKnownFileType = sourcecode.c.c; path = lapacke_example_aux.c; sourceTree = "<group>"; };
		676D700B1E92EC5600ECB684 /* lapacke_example_aux.h */ = {isa = PBXFileReference; fileEncoding = 4; lastKnownFileType = sourcecode.c.h; path = lapacke_example_aux.h; sourceTree = "<group>"; };
		676D700D1E92ED2600ECB684 /* libgfortran.dylib */ = {isa = PBXFileReference; lastKnownFileType = "compiled.mach-o.dylib"; name = libgfortran.dylib; path = ../../../../../../../usr/local/Cellar/gcc/6.3.0_1/lib/gcc/6/libgfortran.dylib; sourceTree = "<group>"; };
		67A95F711E81AB210039AD66 /* test_common.cpp */ = {isa = PBXFileReference; fileEncoding = 4; lastKnownFileType = sourcecode.cpp.cpp; path = test_common.cpp; sourceTree = "<group>"; };
		67F961F91E6F92EB00482330 /* libglog.dylib */ = {isa = PBXFileReference; lastKnownFileType = "compiled.mach-o.dylib"; name = libglog.dylib; path = ../../../../../../usr/local/Cellar/glog/0.3.4_1/lib/libglog.dylib; sourceTree = "<group>"; };
		67F962071E7078A000482330 /* Accelerate.framework */ = {isa = PBXFileReference; lastKnownFileType = wrapper.framework; name = Accelerate.framework; path = System/Library/Frameworks/Accelerate.framework; sourceTree = SDKROOT; };
		67F962471E707FBF00482330 /* cluster.h */ = {isa = PBXFileReference; fileEncoding = 4; lastKnownFileType = sourcecode.c.h; path = cluster.h; sourceTree = "<group>"; };
		67F962481E707FBF00482330 /* dist_utils.h */ = {isa = PBXFileReference; fileEncoding = 4; lastKnownFileType = sourcecode.c.h; path = dist_utils.h; sourceTree = "<group>"; };
		67F962491E707FBF00482330 /* hmm.h */ = {isa = PBXFileReference; fileEncoding = 4; lastKnownFileType = sourcecode.c.h; path = hmm.h; sourceTree = "<group>"; };
		67F9624A1E707FBF00482330 /* matrix.h */ = {isa = PBXFileReference; fileEncoding = 4; lastKnownFileType = sourcecode.c.h; path = matrix.h; sourceTree = "<group>"; };
		67F9624C1E707FBF00482330 /* blas_like.h */ = {isa = PBXFileReference; fileEncoding = 4; lastKnownFileType = sourcecode.c.h; path = blas_like.h; sourceTree = "<group>"; };
		67F9624D1E707FBF00482330 /* blas_utils.h */ = {isa = PBXFileReference; fileEncoding = 4; lastKnownFileType = sourcecode.c.h; path = blas_utils.h; sourceTree = "<group>"; };
		67F9624E1E707FBF00482330 /* cblas.h */ = {isa = PBXFileReference; fileEncoding = 4; lastKnownFileType = sourcecode.c.h; path = cblas.h; sourceTree = "<group>"; };
		67F9624F1E707FBF00482330 /* utils.h */ = {isa = PBXFileReference; fileEncoding = 4; lastKnownFileType = sourcecode.c.h; path = utils.h; sourceTree = "<group>"; };
		67F962511E707FBF00482330 /* cluster.cpp */ = {isa = PBXFileReference; fileEncoding = 4; lastKnownFileType = sourcecode.cpp.cpp; path = cluster.cpp; sourceTree = "<group>"; };
		67F962521E707FBF00482330 /* dist_utils.cpp */ = {isa = PBXFileReference; fileEncoding = 4; lastKnownFileType = sourcecode.cpp.cpp; path = dist_utils.cpp; sourceTree = "<group>"; };
		67F962531E707FBF00482330 /* estimate.cpp */ = {isa = PBXFileReference; fileEncoding = 4; lastKnownFileType = sourcecode.cpp.cpp; path = estimate.cpp; sourceTree = "<group>"; };
		67F962551E707FBF00482330 /* hmm.cpp */ = {isa = PBXFileReference; fileEncoding = 4; lastKnownFileType = sourcecode.cpp.cpp; path = hmm.cpp; sourceTree = "<group>"; };
		67F962561E707FBF00482330 /* prob.cpp */ = {isa = PBXFileReference; fileEncoding = 4; lastKnownFileType = sourcecode.cpp.cpp; path = prob.cpp; sourceTree = "<group>"; };
		67F962591E707FBF00482330 /* blas_like64.cpp */ = {isa = PBXFileReference; fileEncoding = 4; lastKnownFileType = sourcecode.cpp.cpp; path = blas_like64.cpp; sourceTree = "<group>"; };
		67F9626D1E707FD600482330 /* dist_utils_test.cpp */ = {isa = PBXFileReference; fileEncoding = 4; lastKnownFileType = sourcecode.cpp.cpp; path = dist_utils_test.cpp; sourceTree = "<group>"; };
		67F9626E1E707FD600482330 /* gtest_main.cpp */ = {isa = PBXFileReference; fileEncoding = 4; lastKnownFileType = sourcecode.cpp.cpp; path = gtest_main.cpp; sourceTree = "<group>"; };
		67F962701E707FD600482330 /* matrix_test.cpp */ = {isa = PBXFileReference; fileEncoding = 4; lastKnownFileType = sourcecode.cpp.cpp; path = matrix_test.cpp; sourceTree = "<group>"; };
		67F962711E707FD600482330 /* modelio_test.cpp */ = {isa = PBXFileReference; fileEncoding = 4; lastKnownFileType = sourcecode.cpp.cpp; path = modelio_test.cpp; sourceTree = "<group>"; };
		67F962721E707FD600482330 /* utils_test.cpp */ = {isa = PBXFileReference; fileEncoding = 4; lastKnownFileType = sourcecode.cpp.cpp; path = utils_test.cpp; sourceTree = "<group>"; };
		67F962781E70800900482330 /* main.cpp */ = {isa = PBXFileReference; fileEncoding = 4; lastKnownFileType = sourcecode.cpp.cpp; name = main.cpp; path = ../main.cpp; sourceTree = "<group>"; };
		67F9627C1E70813C00482330 /* libglog.dylib */ = {isa = PBXFileReference; lastKnownFileType = "compiled.mach-o.dylib"; name = libglog.dylib; path = ../../../../../../../usr/local/Cellar/glog/0.3.4_1/lib/libglog.dylib; sourceTree = "<group>"; };
		67F962861E7082FA00482330 /* libgflags.dylib */ = {isa = PBXFileReference; lastKnownFileType = "compiled.mach-o.dylib"; name = libgflags.dylib; path = ../../../../../../../usr/local/Cellar/gflags/2.2.0/lib/libgflags.dylib; sourceTree = "<group>"; };
		67F962B41E70B40A00482330 /* gtest-all.cc */ = {isa = PBXFileReference; fileEncoding = 4; lastKnownFileType = sourcecode.cpp.cpp; name = "gtest-all.cc"; path = "../googletest/googletest/src/gtest-all.cc"; sourceTree = "<group>"; };
		67F962B61E70E6CF00482330 /* mosek_solver.cpp */ = {isa = PBXFileReference; lastKnownFileType = sourcecode.cpp.cpp; path = mosek_solver.cpp; sourceTree = "<group>"; };
		67F962BB1E70E74C00482330 /* libmosek64_wrapper.dylib */ = {isa = PBXFileReference; explicitFileType = "compiled.mach-o.dylib"; includeInIndex = 0; path = libmosek64_wrapper.dylib; sourceTree = BUILT_PRODUCTS_DIR; };
		67F962C71E70E80400482330 /* mosek_solver.h */ = {isa = PBXFileReference; lastKnownFileType = sourcecode.c.h; path = mosek_solver.h; sourceTree = "<group>"; };
		67F962C91E70F1D500482330 /* libmosek64.7.1.dylib */ = {isa = PBXFileReference; lastKnownFileType = "compiled.mach-o.dylib"; name = libmosek64.7.1.dylib; path = ../../../../../Documents/MATLAB/mosek/7/tools/platform/osx64x86/bin/libmosek64.7.1.dylib; sourceTree = "<group>"; };
		67F962CB1E70F98F00482330 /* mosek_solver_test.cpp */ = {isa = PBXFileReference; fileEncoding = 4; lastKnownFileType = sourcecode.cpp.cpp; path = mosek_solver_test.cpp; sourceTree = "<group>"; };
		67F963101E74B1CE00482330 /* estimate_test.cpp */ = {isa = PBXFileReference; fileEncoding = 4; lastKnownFileType = sourcecode.cpp.cpp; path = estimate_test.cpp; sourceTree = "<group>"; };
		67F963121E74CFF100482330 /* test_common.h */ = {isa = PBXFileReference; lastKnownFileType = sourcecode.c.h; path = test_common.h; sourceTree = "<group>"; };
/* End PBXFileReference section */

/* Begin PBXFrameworksBuildPhase section */
		294549C61BDD68C000281995 /* Frameworks */ = {
			isa = PBXFrameworksBuildPhase;
			buildActionMask = 2147483647;
			files = (
				67F962821E70825900482330 /* libhmm.a in Frameworks */,
				6717BF961E68923500E2521D /* libgflags.dylib in Frameworks */,
				67F962841E7082D400482330 /* libglog.dylib in Frameworks */,
			);
			runOnlyForDeploymentPostprocessing = 0;
		};
		6717BEE31E651AD300E2521D /* Frameworks */ = {
			isa = PBXFrameworksBuildPhase;
			buildActionMask = 2147483647;
			files = (
				67F962CD1E70F9DC00482330 /* libmosek64_wrapper.dylib in Frameworks */,
				67F962081E7078A000482330 /* Accelerate.framework in Frameworks */,
				6717BF561E6664E600E2521D /* libhmm.a in Frameworks */,
				6761594F1EB0F1F600DF0B69 /* libgtest.a in Frameworks */,
				6717BF931E688EA400E2521D /* libglog.a in Frameworks */,
				6717BF951E68907900E2521D /* libgflags.dylib in Frameworks */,
			);
			runOnlyForDeploymentPostprocessing = 0;
		};
		6717BEFC1E6641D000E2521D /* Frameworks */ = {
			isa = PBXFrameworksBuildPhase;
			buildActionMask = 2147483647;
			files = (
			);
			runOnlyForDeploymentPostprocessing = 0;
		};
		6717BF251E66595F00E2521D /* Frameworks */ = {
			isa = PBXFrameworksBuildPhase;
			buildActionMask = 2147483647;
			files = (
				67F9627D1E70813C00482330 /* libglog.dylib in Frameworks */,
			);
			runOnlyForDeploymentPostprocessing = 0;
		};
		676D6FEA1E92E27200ECB684 /* Frameworks */ = {
			isa = PBXFrameworksBuildPhase;
			buildActionMask = 2147483647;
			files = (
				676D6FF91E92E2C200ECB684 /* libcblas.a in Frameworks */,
				676D6FF61E92E28E00ECB684 /* liblapack.a in Frameworks */,
				676D6FF71E92E28E00ECB684 /* liblapacke.a in Frameworks */,
				676D6FFB1E92E2DC00ECB684 /* librefblas.a in Frameworks */,
				676D700E1E92ED2600ECB684 /* libgfortran.dylib in Frameworks */,
			);
			runOnlyForDeploymentPostprocessing = 0;
		};
		676D6FFF1E92E72200ECB684 /* Frameworks */ = {
			isa = PBXFrameworksBuildPhase;
			buildActionMask = 2147483647;
			files = (
				676D70091E92E73500ECB684 /* Accelerate.framework in Frameworks */,
			);
			runOnlyForDeploymentPostprocessing = 0;
		};
		67F962B81E70E74C00482330 /* Frameworks */ = {
			isa = PBXFrameworksBuildPhase;
			buildActionMask = 2147483647;
			files = (
				67F962CA1E70F1D500482330 /* libmosek64.7.1.dylib in Frameworks */,
			);
			runOnlyForDeploymentPostprocessing = 0;
		};
/* End PBXFrameworksBuildPhase section */

/* Begin PBXGroup section */
		294549C01BDD68C000281995 = {
			isa = PBXGroup;
			children = (
				67F962781E70800900482330 /* main.cpp */,
				67F962461E707FBF00482330 /* include */,
				67F962501E707FBF00482330 /* src */,
				67F9626C1E707FD600482330 /* test */,
				676D6FEE1E92E27200ECB684 /* testlapacke */,
				676D70031E92E72200ECB684 /* testclapack */,
				294549CA1BDD68C000281995 /* Products */,
				6717BEED1E651AFB00E2521D /* Frameworks */,
			);
			sourceTree = "<group>";
		};
		294549CA1BDD68C000281995 /* Products */ = {
			isa = PBXGroup;
			children = (
				294549C91BDD68C000281995 /* hmm_aw */,
				6717BEE61E651AD300E2521D /* hmm_awTest */,
				6717BEFF1E6641D000E2521D /* libgtest.a */,
				6717BF281E66595F00E2521D /* libhmm.a */,
				67F962BB1E70E74C00482330 /* libmosek64_wrapper.dylib */,
				676D6FED1E92E27200ECB684 /* testlapacke */,
				676D70021E92E72200ECB684 /* testclapack */,
			);
			name = Products;
			sourceTree = "<group>";
		};
		6717BEED1E651AFB00E2521D /* Frameworks */ = {
			isa = PBXGroup;
			children = (
				6761594E1EB0F1F600DF0B69 /* libgtest.a */,
				676D700D1E92ED2600ECB684 /* libgfortran.dylib */,
				676D6FFA1E92E2DC00ECB684 /* librefblas.a */,
				676D6FF81E92E2C200ECB684 /* libcblas.a */,
				676D6FF41E92E28E00ECB684 /* liblapack.a */,
				676D6FF51E92E28E00ECB684 /* liblapacke.a */,
				67F962C91E70F1D500482330 /* libmosek64.7.1.dylib */,
				67F962861E7082FA00482330 /* libgflags.dylib */,
				67F9627C1E70813C00482330 /* libglog.dylib */,
				67F962071E7078A000482330 /* Accelerate.framework */,
				67F961F91E6F92EB00482330 /* libglog.dylib */,
				6717BF941E68907900E2521D /* libgflags.dylib */,
				6717BF921E688EA400E2521D /* libglog.a */,
			);
			name = Frameworks;
			sourceTree = "<group>";
		};
		676D6FEE1E92E27200ECB684 /* testlapacke */ = {
			isa = PBXGroup;
			children = (
				676D700A1E92EC5600ECB684 /* lapacke_example_aux.c */,
				676D700B1E92EC5600ECB684 /* lapacke_example_aux.h */,
				676D6FEF1E92E27200ECB684 /* main.cpp */,
			);
			path = testlapacke;
			sourceTree = "<group>";
		};
		676D70031E92E72200ECB684 /* testclapack */ = {
			isa = PBXGroup;
			children = (
				676D70041E92E72200ECB684 /* main.cpp */,
			);
			path = testclapack;
			sourceTree = "<group>";
		};
		67F962461E707FBF00482330 /* include */ = {
			isa = PBXGroup;
			children = (
				67F962471E707FBF00482330 /* cluster.h */,
				67F962481E707FBF00482330 /* dist_utils.h */,
				67F962491E707FBF00482330 /* hmm.h */,
				67F9624A1E707FBF00482330 /* matrix.h */,
				67F9624B1E707FBF00482330 /* utils */,
				67F9624F1E707FBF00482330 /* utils.h */,
				67F962C71E70E80400482330 /* mosek_solver.h */,
				6761595D1EB295CF00DF0B69 /* common.h */,
				6761595F1EB2D64900DF0B69 /* optimaltransport.h */,
			);
			name = include;
			path = ../include;
			sourceTree = "<group>";
		};
		67F9624B1E707FBF00482330 /* utils */ = {
			isa = PBXGroup;
			children = (
				67F9624C1E707FBF00482330 /* blas_like.h */,
				67F9624D1E707FBF00482330 /* blas_utils.h */,
				67F9624E1E707FBF00482330 /* cblas.h */,
				676D6FFC1E92E31200ECB684 /* lapacke_mangling.h */,
				676D6FFD1E92E31200ECB684 /* lapacke.h */,
			);
			path = utils;
			sourceTree = "<group>";
		};
		67F962501E707FBF00482330 /* src */ = {
			isa = PBXGroup;
			children = (
				67F962511E707FBF00482330 /* cluster.cpp */,
				67F962521E707FBF00482330 /* dist_utils.cpp */,
				67F962531E707FBF00482330 /* estimate.cpp */,
				67F962551E707FBF00482330 /* hmm.cpp */,
				676D6FE71E92DFED00ECB684 /* hmmdist.cpp */,
				67F962561E707FBF00482330 /* prob.cpp */,
				67F962571E707FBF00482330 /* utils */,
				67F962B61E70E6CF00482330 /* mosek_solver.cpp */,
			);
			name = src;
			path = ../src;
			sourceTree = "<group>";
		};
		67F962571E707FBF00482330 /* utils */ = {
			isa = PBXGroup;
			children = (
				67F962591E707FBF00482330 /* blas_like64.cpp */,
			);
			path = utils;
			sourceTree = "<group>";
		};
		67F9626C1E707FD600482330 /* test */ = {
			isa = PBXGroup;
			children = (
				67F962B41E70B40A00482330 /* gtest-all.cc */,
				67F9626E1E707FD600482330 /* gtest_main.cpp */,
				67F9626D1E707FD600482330 /* dist_utils_test.cpp */,
				676D6FE51E92DFD800ECB684 /* hmmdist_test.cpp */,
				67F962701E707FD600482330 /* matrix_test.cpp */,
				67F962711E707FD600482330 /* modelio_test.cpp */,
				67F962721E707FD600482330 /* utils_test.cpp */,
				67F962CB1E70F98F00482330 /* mosek_solver_test.cpp */,
				67F963101E74B1CE00482330 /* estimate_test.cpp */,
				67F963121E74CFF100482330 /* test_common.h */,
				67A95F711E81AB210039AD66 /* test_common.cpp */,
			);
			name = test;
			path = ../test;
			sourceTree = "<group>";
		};
/* End PBXGroup section */

/* Begin PBXHeadersBuildPhase section */
		6717BEFD1E6641D000E2521D /* Headers */ = {
			isa = PBXHeadersBuildPhase;
			buildActionMask = 2147483647;
			files = (
			);
			runOnlyForDeploymentPostprocessing = 0;
		};
		6717BF261E66595F00E2521D /* Headers */ = {
			isa = PBXHeadersBuildPhase;
			buildActionMask = 2147483647;
			files = (
				6761595E1EB296F000DF0B69 /* common.h in Headers */,
				67F9625D1E707FBF00482330 /* hmm.h in Headers */,
				67F9625C1E707FBF00482330 /* dist_utils.h in Headers */,
				67F962601E707FBF00482330 /* blas_utils.h in Headers */,
				67F9625B1E707FBF00482330 /* cluster.h in Headers */,
				67F9625F1E707FBF00482330 /* blas_like.h in Headers */,
				67F962611E707FBF00482330 /* cblas.h in Headers */,
				67F962621E707FBF00482330 /* utils.h in Headers */,
				67F9625E1E707FBF00482330 /* matrix.h in Headers */,
			);
			runOnlyForDeploymentPostprocessing = 0;
		};
		67F962B91E70E74C00482330 /* Headers */ = {
			isa = PBXHeadersBuildPhase;
			buildActionMask = 2147483647;
			files = (
				67F962C81E70EBE400482330 /* mosek_solver.h in Headers */,
			);
			runOnlyForDeploymentPostprocessing = 0;
		};
/* End PBXHeadersBuildPhase section */

/* Begin PBXNativeTarget section */
		294549C81BDD68C000281995 /* hmm_aw */ = {
			isa = PBXNativeTarget;
			buildConfigurationList = 294549D01BDD68C000281995 /* Build configuration list for PBXNativeTarget "hmm_aw" */;
			buildPhases = (
				294549C51BDD68C000281995 /* Sources */,
				294549C61BDD68C000281995 /* Frameworks */,
				294549C71BDD68C000281995 /* CopyFiles */,
			);
			buildRules = (
			);
			dependencies = (
				67F9627F1E70815100482330 /* PBXTargetDependency */,
			);
			name = hmm_aw;
			productName = hmmjia;
			productReference = 294549C91BDD68C000281995 /* hmm_aw */;
			productType = "com.apple.product-type.tool";
		};
		6717BEE51E651AD300E2521D /* hmm_awTest */ = {
			isa = PBXNativeTarget;
			buildConfigurationList = 6717BEEA1E651AD300E2521D /* Build configuration list for PBXNativeTarget "hmm_awTest" */;
			buildPhases = (
				6717BEE21E651AD300E2521D /* Sources */,
				6717BEE31E651AD300E2521D /* Frameworks */,
				6717BEE41E651AD300E2521D /* CopyFiles */,
			);
			buildRules = (
			);
			dependencies = (
				6717BF551E6664DF00E2521D /* PBXTargetDependency */,
				6717BF501E66602600E2521D /* PBXTargetDependency */,
			);
			name = hmm_awTest;
			productName = hmmjiaTest;
			productReference = 6717BEE61E651AD300E2521D /* hmm_awTest */;
			productType = "com.apple.product-type.tool";
		};
		6717BEFE1E6641D000E2521D /* gtest */ = {
			isa = PBXNativeTarget;
			buildConfigurationList = 6717BF071E6641D000E2521D /* Build configuration list for PBXNativeTarget "gtest" */;
			buildPhases = (
				6717BEFB1E6641D000E2521D /* Sources */,
				6717BEFC1E6641D000E2521D /* Frameworks */,
				6717BEFD1E6641D000E2521D /* Headers */,
			);
			buildRules = (
			);
			dependencies = (
			);
			name = gtest;
			productName = gtest;
			productReference = 6717BEFF1E6641D000E2521D /* libgtest.a */;
			productType = "com.apple.product-type.library.static";
		};
		6717BF271E66595F00E2521D /* hmm */ = {
			isa = PBXNativeTarget;
			buildConfigurationList = 6717BF301E66595F00E2521D /* Build configuration list for PBXNativeTarget "hmm" */;
			buildPhases = (
				6717BF251E66595F00E2521D /* Frameworks */,
				6717BF241E66595F00E2521D /* Sources */,
				6717BF261E66595F00E2521D /* Headers */,
			);
			buildRules = (
			);
			dependencies = (
			);
			name = hmm;
			productName = libhmmjia;
			productReference = 6717BF281E66595F00E2521D /* libhmm.a */;
			productType = "com.apple.product-type.library.static";
		};
		676D6FEC1E92E27200ECB684 /* testlapacke */ = {
			isa = PBXNativeTarget;
			buildConfigurationList = 676D6FF11E92E27200ECB684 /* Build configuration list for PBXNativeTarget "testlapacke" */;
			buildPhases = (
				676D6FE91E92E27200ECB684 /* Sources */,
				676D6FEA1E92E27200ECB684 /* Frameworks */,
				676D6FEB1E92E27200ECB684 /* CopyFiles */,
			);
			buildRules = (
			);
			dependencies = (
			);
			name = testlapacke;
			productName = testlapacke;
			productReference = 676D6FED1E92E27200ECB684 /* testlapacke */;
			productType = "com.apple.product-type.tool";
		};
		676D70011E92E72200ECB684 /* testclapack */ = {
			isa = PBXNativeTarget;
			buildConfigurationList = 676D70061E92E72200ECB684 /* Build configuration list for PBXNativeTarget "testclapack" */;
			buildPhases = (
				676D6FFE1E92E72200ECB684 /* Sources */,
				676D6FFF1E92E72200ECB684 /* Frameworks */,
				676D70001E92E72200ECB684 /* CopyFiles */,
			);
			buildRules = (
			);
			dependencies = (
			);
			name = testclapack;
			productName = testclapack;
			productReference = 676D70021E92E72200ECB684 /* testclapack */;
			productType = "com.apple.product-type.tool";
		};
		67F962BA1E70E74C00482330 /* mosek64_wrapper */ = {
			isa = PBXNativeTarget;
			buildConfigurationList = 67F962C31E70E74C00482330 /* Build configuration list for PBXNativeTarget "mosek64_wrapper" */;
			buildPhases = (
				67F962B71E70E74C00482330 /* Sources */,
				67F962B81E70E74C00482330 /* Frameworks */,
				67F962B91E70E74C00482330 /* Headers */,
			);
			buildRules = (
			);
			dependencies = (
			);
			name = mosek64_wrapper;
			productName = mosek64_wrapper;
			productReference = 67F962BB1E70E74C00482330 /* libmosek64_wrapper.dylib */;
			productType = "com.apple.product-type.library.dynamic";
		};
/* End PBXNativeTarget section */

/* Begin PBXProject section */
		294549C11BDD68C000281995 /* Project object */ = {
			isa = PBXProject;
			attributes = {
				LastUpgradeCheck = 0710;
				ORGANIZATIONNAME = cyk;
				TargetAttributes = {
					294549C81BDD68C000281995 = {
						CreatedOnToolsVersion = 7.1;
					};
					6717BEE51E651AD300E2521D = {
						CreatedOnToolsVersion = 8.0;
						ProvisioningStyle = Automatic;
					};
					6717BEFE1E6641D000E2521D = {
						CreatedOnToolsVersion = 8.0;
						ProvisioningStyle = Automatic;
					};
					6717BF271E66595F00E2521D = {
						CreatedOnToolsVersion = 8.0;
						ProvisioningStyle = Automatic;
					};
					676D6FEC1E92E27200ECB684 = {
						CreatedOnToolsVersion = 8.0;
						ProvisioningStyle = Automatic;
					};
					676D70011E92E72200ECB684 = {
						CreatedOnToolsVersion = 8.0;
						ProvisioningStyle = Automatic;
					};
					67F962BA1E70E74C00482330 = {
						CreatedOnToolsVersion = 8.0;
						ProvisioningStyle = Automatic;
					};
				};
			};
			buildConfigurationList = 294549C41BDD68C000281995 /* Build configuration list for PBXProject "hmm_aw" */;
			compatibilityVersion = "Xcode 3.2";
			developmentRegion = English;
			hasScannedForEncodings = 0;
			knownRegions = (
				en,
			);
			mainGroup = 294549C01BDD68C000281995;
			productRefGroup = 294549CA1BDD68C000281995 /* Products */;
			projectDirPath = "";
			projectRoot = "";
			targets = (
				6717BF271E66595F00E2521D /* hmm */,
				67F962BA1E70E74C00482330 /* mosek64_wrapper */,
				6717BEFE1E6641D000E2521D /* gtest */,
				294549C81BDD68C000281995 /* hmm_aw */,
				6717BEE51E651AD300E2521D /* hmm_awTest */,
				676D6FEC1E92E27200ECB684 /* testlapacke */,
				676D70011E92E72200ECB684 /* testclapack */,
			);
		};
/* End PBXProject section */

/* Begin PBXSourcesBuildPhase section */
		294549C51BDD68C000281995 /* Sources */ = {
			isa = PBXSourcesBuildPhase;
			buildActionMask = 2147483647;
			files = (
				67F962791E70800900482330 /* main.cpp in Sources */,
			);
			runOnlyForDeploymentPostprocessing = 0;
		};
		6717BEE21E651AD300E2521D /* Sources */ = {
			isa = PBXSourcesBuildPhase;
			buildActionMask = 2147483647;
			files = (
				67A95F721E81AB210039AD66 /* test_common.cpp in Sources */,
				67F962CC1E70F98F00482330 /* mosek_solver_test.cpp in Sources */,
				67F962771E707FD600482330 /* utils_test.cpp in Sources */,
				676D6FE61E92DFD800ECB684 /* hmmdist_test.cpp in Sources */,
				67F963111E74B1CE00482330 /* estimate_test.cpp in Sources */,
				67F962741E707FD600482330 /* gtest_main.cpp in Sources */,
				67F962761E707FD600482330 /* modelio_test.cpp in Sources */,
				67F962731E707FD600482330 /* dist_utils_test.cpp in Sources */,
				67F962751E707FD600482330 /* matrix_test.cpp in Sources */,
			);
			runOnlyForDeploymentPostprocessing = 0;
		};
		6717BEFB1E6641D000E2521D /* Sources */ = {
			isa = PBXSourcesBuildPhase;
			buildActionMask = 2147483647;
			files = (
				67F962B51E70B40A00482330 /* gtest-all.cc in Sources */,
			);
			runOnlyForDeploymentPostprocessing = 0;
		};
		6717BF241E66595F00E2521D /* Sources */ = {
			isa = PBXSourcesBuildPhase;
			buildActionMask = 2147483647;
			files = (
				67F9626A1E707FBF00482330 /* blas_like64.cpp in Sources */,
				67F962651E707FBF00482330 /* estimate.cpp in Sources */,
				676D6FE81E92DFED00ECB684 /* hmmdist.cpp in Sources */,
				67F962681E707FBF00482330 /* prob.cpp in Sources */,
				67F962631E707FBF00482330 /* cluster.cpp in Sources */,
				67F962671E707FBF00482330 /* hmm.cpp in Sources */,
				67F962641E707FBF00482330 /* dist_utils.cpp in Sources */,
			);
			runOnlyForDeploymentPostprocessing = 0;
		};
		676D6FE91E92E27200ECB684 /* Sources */ = {
			isa = PBXSourcesBuildPhase;
			buildActionMask = 2147483647;
			files = (
				676D6FF01E92E27200ECB684 /* main.cpp in Sources */,
				676D700C1E92EC5600ECB684 /* lapacke_example_aux.c in Sources */,
			);
			runOnlyForDeploymentPostprocessing = 0;
		};
		676D6FFE1E92E72200ECB684 /* Sources */ = {
			isa = PBXSourcesBuildPhase;
			buildActionMask = 2147483647;
			files = (
				676D70051E92E72200ECB684 /* main.cpp in Sources */,
			);
			runOnlyForDeploymentPostprocessing = 0;
		};
		67F962B71E70E74C00482330 /* Sources */ = {
			isa = PBXSourcesBuildPhase;
			buildActionMask = 2147483647;
			files = (
				67F962C61E70E76000482330 /* mosek_solver.cpp in Sources */,
			);
			runOnlyForDeploymentPostprocessing = 0;
		};
/* End PBXSourcesBuildPhase section */

/* Begin PBXTargetDependency section */
		6717BF501E66602600E2521D /* PBXTargetDependency */ = {
			isa = PBXTargetDependency;
			target = 6717BEFE1E6641D000E2521D /* gtest */;
			targetProxy = 6717BF4F1E66602600E2521D /* PBXContainerItemProxy */;
		};
		6717BF551E6664DF00E2521D /* PBXTargetDependency */ = {
			isa = PBXTargetDependency;
			target = 6717BF271E66595F00E2521D /* hmm */;
			targetProxy = 6717BF541E6664DF00E2521D /* PBXContainerItemProxy */;
		};
		67F9627F1E70815100482330 /* PBXTargetDependency */ = {
			isa = PBXTargetDependency;
			target = 6717BF271E66595F00E2521D /* hmm */;
			targetProxy = 67F9627E1E70815100482330 /* PBXContainerItemProxy */;
		};
/* End PBXTargetDependency section */

/* Begin XCBuildConfiguration section */
		294549CE1BDD68C000281995 /* Debug */ = {
			isa = XCBuildConfiguration;
			buildSettings = {
				ALWAYS_SEARCH_USER_PATHS = NO;
				CLANG_CXX_LANGUAGE_STANDARD = "gnu++0x";
				CLANG_CXX_LIBRARY = "libc++";
				CLANG_ENABLE_MODULES = YES;
				CLANG_ENABLE_OBJC_ARC = YES;
				CLANG_WARN_BOOL_CONVERSION = YES;
				CLANG_WARN_CONSTANT_CONVERSION = YES;
				CLANG_WARN_DIRECT_OBJC_ISA_USAGE = YES_ERROR;
				CLANG_WARN_EMPTY_BODY = YES;
				CLANG_WARN_ENUM_CONVERSION = YES;
				CLANG_WARN_INT_CONVERSION = YES;
				CLANG_WARN_OBJC_ROOT_CLASS = YES_ERROR;
				CLANG_WARN_UNREACHABLE_CODE = YES;
				CLANG_WARN__DUPLICATE_METHOD_MATCH = YES;
				CODE_SIGN_IDENTITY = "-";
				COPY_PHASE_STRIP = NO;
				DEBUG_INFORMATION_FORMAT = dwarf;
				ENABLE_STRICT_OBJC_MSGSEND = YES;
				ENABLE_TESTABILITY = YES;
				GCC_C_LANGUAGE_STANDARD = gnu99;
				GCC_DYNAMIC_NO_PIC = NO;
				GCC_NO_COMMON_BLOCKS = YES;
				GCC_OPTIMIZATION_LEVEL = 0;
				GCC_PREPROCESSOR_DEFINITIONS = (
					"DEBUG=1",
					"$(inherited)",
					_HMM_AW_DOUBLE,
				);
				GCC_WARN_64_TO_32_BIT_CONVERSION = YES;
				GCC_WARN_ABOUT_RETURN_TYPE = YES_ERROR;
				GCC_WARN_UNDECLARED_SELECTOR = YES;
				GCC_WARN_UNINITIALIZED_AUTOS = YES_AGGRESSIVE;
				GCC_WARN_UNUSED_FUNCTION = YES;
				GCC_WARN_UNUSED_VARIABLE = YES;
				HEADER_SEARCH_PATHS = (
					/usr/local/Cellar/glog/0.3.4_1/include,
					"$(PROJECT_DIR)/../include",
					$SRCROOT/../googletest/googletest/include,
					/usr/local/Cellar/gflags/2.2.0/include,
					"~/Documents/MATLAB/mosek/7/tools/platform/osx64x86/h",
				);
				LD_RUNPATH_SEARCH_PATHS = /Users/yzc147/Documents/MATLAB/mosek/7/tools/platform/osx64x86/bin;
				LIBRARY_SEARCH_PATHS = (
					/usr/local/Cellar/glog/0.3.4_1/lib,
					/usr/local/Cellar/gflags/2.2.0/lib,
					"~/Documents/MATLAB/mosek/7/tools/platform/osx64x86/bin",
				);
				MACOSX_DEPLOYMENT_TARGET = 10.11;
				MTL_ENABLE_DEBUG_INFO = YES;
				ONLY_ACTIVE_ARCH = YES;
				SDKROOT = macosx;
			};
			name = Debug;
		};
		294549CF1BDD68C000281995 /* Release */ = {
			isa = XCBuildConfiguration;
			buildSettings = {
				ALWAYS_SEARCH_USER_PATHS = NO;
				CLANG_CXX_LANGUAGE_STANDARD = "gnu++0x";
				CLANG_CXX_LIBRARY = "libc++";
				CLANG_ENABLE_MODULES = YES;
				CLANG_ENABLE_OBJC_ARC = YES;
				CLANG_WARN_BOOL_CONVERSION = YES;
				CLANG_WARN_CONSTANT_CONVERSION = YES;
				CLANG_WARN_DIRECT_OBJC_ISA_USAGE = YES_ERROR;
				CLANG_WARN_EMPTY_BODY = YES;
				CLANG_WARN_ENUM_CONVERSION = YES;
				CLANG_WARN_INT_CONVERSION = YES;
				CLANG_WARN_OBJC_ROOT_CLASS = YES_ERROR;
				CLANG_WARN_UNREACHABLE_CODE = YES;
				CLANG_WARN__DUPLICATE_METHOD_MATCH = YES;
				CODE_SIGN_IDENTITY = "-";
				COPY_PHASE_STRIP = NO;
				DEBUG_INFORMATION_FORMAT = "dwarf-with-dsym";
				ENABLE_NS_ASSERTIONS = NO;
				ENABLE_STRICT_OBJC_MSGSEND = YES;
				GCC_C_LANGUAGE_STANDARD = gnu99;
				GCC_NO_COMMON_BLOCKS = YES;
				GCC_WARN_64_TO_32_BIT_CONVERSION = YES;
				GCC_WARN_ABOUT_RETURN_TYPE = YES_ERROR;
				GCC_WARN_UNDECLARED_SELECTOR = YES;
				GCC_WARN_UNINITIALIZED_AUTOS = YES_AGGRESSIVE;
				GCC_WARN_UNUSED_FUNCTION = YES;
				GCC_WARN_UNUSED_VARIABLE = YES;
				HEADER_SEARCH_PATHS = (
					/usr/local/Cellar/glog/0.3.4_1/include,
					"$(PROJECT_DIR)/../include",
					$SRCROOT/../googletest/googletest/include,
					/usr/local/Cellar/gflags/2.2.0/include,
					"~/Documents/MATLAB/mosek/7/tools/platform/osx64x86/h",
				);
				LD_RUNPATH_SEARCH_PATHS = /Users/yzc147/Documents/MATLAB/mosek/7/tools/platform/osx64x86/bin;
				LIBRARY_SEARCH_PATHS = (
					/usr/local/Cellar/glog/0.3.4_1/lib,
					/usr/local/Cellar/gflags/2.2.0/lib,
					"~/Documents/MATLAB/mosek/7/tools/platform/osx64x86/bin",
				);
				MACOSX_DEPLOYMENT_TARGET = 10.11;
				MTL_ENABLE_DEBUG_INFO = NO;
				SDKROOT = macosx;
			};
			name = Release;
		};
		294549D11BDD68C000281995 /* Debug */ = {
			isa = XCBuildConfiguration;
			buildSettings = {
				HEADER_SEARCH_PATHS = "$(inherited)";
				LD_RUNPATH_SEARCH_PATHS = "$(inherited)";
				LIBRARY_SEARCH_PATHS = "$(inherited)";
				PRODUCT_NAME = "$(TARGET_NAME)";
			};
			name = Debug;
		};
		294549D21BDD68C000281995 /* Release */ = {
			isa = XCBuildConfiguration;
			buildSettings = {
				HEADER_SEARCH_PATHS = "$(inherited)";
				LD_RUNPATH_SEARCH_PATHS = "$(inherited)";
				LIBRARY_SEARCH_PATHS = "$(inherited)";
				PRODUCT_NAME = "$(TARGET_NAME)";
			};
			name = Release;
		};
		6717BEEB1E651AD300E2521D /* Debug */ = {
			isa = XCBuildConfiguration;
			buildSettings = {
				CLANG_ANALYZER_NONNULL = YES;
				CLANG_WARN_DOCUMENTATION_COMMENTS = YES;
				CLANG_WARN_INFINITE_RECURSION = YES;
				CLANG_WARN_SUSPICIOUS_MOVES = YES;
				HEADER_SEARCH_PATHS = "$(inherited)";
				LD_RUNPATH_SEARCH_PATHS = "$(inherited)";
				LIBRARY_SEARCH_PATHS = "$(inherited)";
				MACOSX_DEPLOYMENT_TARGET = 10.11;
				PRODUCT_NAME = "$(TARGET_NAME)";
			};
			name = Debug;
		};
		6717BEEC1E651AD300E2521D /* Release */ = {
			isa = XCBuildConfiguration;
			buildSettings = {
				CLANG_ANALYZER_NONNULL = YES;
				CLANG_WARN_DOCUMENTATION_COMMENTS = YES;
				CLANG_WARN_INFINITE_RECURSION = YES;
				CLANG_WARN_SUSPICIOUS_MOVES = YES;
				HEADER_SEARCH_PATHS = "$(inherited)";
				LD_RUNPATH_SEARCH_PATHS = "$(inherited)";
				LIBRARY_SEARCH_PATHS = "$(inherited)";
				MACOSX_DEPLOYMENT_TARGET = 10.11;
				PRODUCT_NAME = "$(TARGET_NAME)";
			};
			name = Release;
		};
		6717BF081E6641D000E2521D /* Debug */ = {
			isa = XCBuildConfiguration;
			buildSettings = {
				CLANG_ANALYZER_NONNULL = YES;
				CLANG_WARN_DOCUMENTATION_COMMENTS = YES;
				CLANG_WARN_INFINITE_RECURSION = YES;
				CLANG_WARN_SUSPICIOUS_MOVES = YES;
				EXECUTABLE_PREFIX = lib;
				GCC_ENABLE_CPP_EXCEPTIONS = YES;
				GCC_ENABLE_CPP_RTTI = YES;
				HEADER_SEARCH_PATHS = (
					$SRCROOT/../googletest/googletest/include,
					$SRCROOT/../googletest/googletest,
				);
				LIBRARY_SEARCH_PATHS = "";
				MACOSX_DEPLOYMENT_TARGET = 10.11;
				PRODUCT_NAME = "$(TARGET_NAME)";
			};
			name = Debug;
		};
		6717BF091E6641D000E2521D /* Release */ = {
			isa = XCBuildConfiguration;
			buildSettings = {
				CLANG_ANALYZER_NONNULL = YES;
				CLANG_WARN_DOCUMENTATION_COMMENTS = YES;
				CLANG_WARN_INFINITE_RECURSION = YES;
				CLANG_WARN_SUSPICIOUS_MOVES = YES;
				EXECUTABLE_PREFIX = lib;
				GCC_ENABLE_CPP_EXCEPTIONS = YES;
				GCC_ENABLE_CPP_RTTI = YES;
				HEADER_SEARCH_PATHS = (
					$SRCROOT/../googletest/googletest/include,
					$SRCROOT/../googletest/googletest,
				);
				LIBRARY_SEARCH_PATHS = "";
				MACOSX_DEPLOYMENT_TARGET = 10.11;
				PRODUCT_NAME = "$(TARGET_NAME)";
			};
			name = Release;
		};
		6717BF311E66595F00E2521D /* Debug */ = {
			isa = XCBuildConfiguration;
			buildSettings = {
				CLANG_ANALYZER_NONNULL = YES;
				CLANG_WARN_DOCUMENTATION_COMMENTS = YES;
				CLANG_WARN_INFINITE_RECURSION = YES;
				CLANG_WARN_SUSPICIOUS_MOVES = YES;
				EXECUTABLE_PREFIX = lib;
				GCC_ENABLE_CPP_EXCEPTIONS = YES;
				GCC_ENABLE_CPP_RTTI = YES;
				HEADER_SEARCH_PATHS = (
					"$(inherited)",
					/usr/local/Cellar/gflags/2.2.0/include,
					/usr/local/Cellar/glog/0.3.4_1/include,
				);
				LD_RUNPATH_SEARCH_PATHS = "$(inherited)";
				LIBRARY_SEARCH_PATHS = (
					/usr/local/Cellar/gflags/2.2.0/lib,
					/usr/local/Cellar/glog/0.3.4_1/lib,
				);
				MACOSX_DEPLOYMENT_TARGET = 10.11;
				OTHER_LDFLAGS = (
					"-D",
					_PREC_DOUBLE,
				);
				PRODUCT_NAME = "$(TARGET_NAME)";
			};
			name = Debug;
		};
		6717BF321E66595F00E2521D /* Release */ = {
			isa = XCBuildConfiguration;
			buildSettings = {
				CLANG_ANALYZER_NONNULL = YES;
				CLANG_WARN_DOCUMENTATION_COMMENTS = YES;
				CLANG_WARN_INFINITE_RECURSION = YES;
				CLANG_WARN_SUSPICIOUS_MOVES = YES;
				EXECUTABLE_PREFIX = lib;
				GCC_ENABLE_CPP_EXCEPTIONS = YES;
				GCC_ENABLE_CPP_RTTI = YES;
				HEADER_SEARCH_PATHS = (
					"$(inherited)",
					/usr/local/Cellar/gflags/2.2.0/include,
					/usr/local/Cellar/glog/0.3.4_1/include,
				);
				LD_RUNPATH_SEARCH_PATHS = "$(inherited)";
				LIBRARY_SEARCH_PATHS = (
					/usr/local/Cellar/gflags/2.2.0/lib,
					/usr/local/Cellar/glog/0.3.4_1/lib,
				);
				MACOSX_DEPLOYMENT_TARGET = 10.11;
				OTHER_LDFLAGS = (
					"-D",
					_PREC_DOUBLE,
				);
				PRODUCT_NAME = "$(TARGET_NAME)";
			};
			name = Release;
		};
		676D6FF21E92E27200ECB684 /* Debug */ = {
			isa = XCBuildConfiguration;
			buildSettings = {
				CLANG_ANALYZER_NONNULL = YES;
				CLANG_WARN_DOCUMENTATION_COMMENTS = YES;
				CLANG_WARN_INFINITE_RECURSION = YES;
				CLANG_WARN_SUSPICIOUS_MOVES = YES;
				LIBRARY_SEARCH_PATHS = (
					/usr/local/Cellar/glog/0.3.4_1/lib,
					/usr/local/Cellar/gflags/2.2.0/lib,
					"~/Documents/MATLAB/mosek/7/tools/platform/osx64x86/bin",
					/usr/local/lib,
					/usr/local/Cellar/gcc/6.3.0_1/lib/gcc/6,
				);
				PRODUCT_NAME = "$(TARGET_NAME)";
			};
			name = Debug;
		};
		676D6FF31E92E27200ECB684 /* Release */ = {
			isa = XCBuildConfiguration;
			buildSettings = {
				CLANG_ANALYZER_NONNULL = YES;
				CLANG_WARN_DOCUMENTATION_COMMENTS = YES;
				CLANG_WARN_INFINITE_RECURSION = YES;
				CLANG_WARN_SUSPICIOUS_MOVES = YES;
				LIBRARY_SEARCH_PATHS = (
					/usr/local/Cellar/glog/0.3.4_1/lib,
					/usr/local/Cellar/gflags/2.2.0/lib,
					"~/Documents/MATLAB/mosek/7/tools/platform/osx64x86/bin",
					/usr/local/lib,
					/usr/local/Cellar/gcc/6.3.0_1/lib/gcc/6,
				);
				PRODUCT_NAME = "$(TARGET_NAME)";
			};
			name = Release;
		};
		676D70071E92E72200ECB684 /* Debug */ = {
			isa = XCBuildConfiguration;
			buildSettings = {
				CLANG_ANALYZER_NONNULL = YES;
				CLANG_WARN_DOCUMENTATION_COMMENTS = YES;
				CLANG_WARN_INFINITE_RECURSION = YES;
				CLANG_WARN_SUSPICIOUS_MOVES = YES;
				PRODUCT_NAME = "$(TARGET_NAME)";
			};
			name = Debug;
		};
		676D70081E92E72200ECB684 /* Release */ = {
			isa = XCBuildConfiguration;
			buildSettings = {
				CLANG_ANALYZER_NONNULL = YES;
				CLANG_WARN_DOCUMENTATION_COMMENTS = YES;
				CLANG_WARN_INFINITE_RECURSION = YES;
				CLANG_WARN_SUSPICIOUS_MOVES = YES;
				PRODUCT_NAME = "$(TARGET_NAME)";
			};
			name = Release;
		};
		67F962C41E70E74C00482330 /* Debug */ = {
			isa = XCBuildConfiguration;
			buildSettings = {
				CLANG_ANALYZER_NONNULL = YES;
				CLANG_WARN_DOCUMENTATION_COMMENTS = YES;
				CLANG_WARN_INFINITE_RECURSION = YES;
				CLANG_WARN_SUSPICIOUS_MOVES = YES;
				DYLIB_COMPATIBILITY_VERSION = 1;
				DYLIB_CURRENT_VERSION = 1;
				EXECUTABLE_PREFIX = lib;
				GCC_ENABLE_CPP_EXCEPTIONS = YES;
				GCC_ENABLE_CPP_RTTI = YES;
				GCC_SYMBOLS_PRIVATE_EXTERN = YES;
				LD_RUNPATH_SEARCH_PATHS = "$(inherited)";
				PRODUCT_NAME = "$(TARGET_NAME)";
			};
			name = Debug;
		};
		67F962C51E70E74C00482330 /* Release */ = {
			isa = XCBuildConfiguration;
			buildSettings = {
				CLANG_ANALYZER_NONNULL = YES;
				CLANG_WARN_DOCUMENTATION_COMMENTS = YES;
				CLANG_WARN_INFINITE_RECURSION = YES;
				CLANG_WARN_SUSPICIOUS_MOVES = YES;
				DYLIB_COMPATIBILITY_VERSION = 1;
				DYLIB_CURRENT_VERSION = 1;
				EXECUTABLE_PREFIX = lib;
				GCC_ENABLE_CPP_EXCEPTIONS = YES;
				GCC_ENABLE_CPP_RTTI = YES;
				GCC_SYMBOLS_PRIVATE_EXTERN = YES;
				LD_RUNPATH_SEARCH_PATHS = "$(inherited)";
				PRODUCT_NAME = "$(TARGET_NAME)";
			};
			name = Release;
		};
/* End XCBuildConfiguration section */

/* Begin XCConfigurationList section */
		294549C41BDD68C000281995 /* Build configuration list for PBXProject "hmm_aw" */ = {
			isa = XCConfigurationList;
			buildConfigurations = (
				294549CE1BDD68C000281995 /* Debug */,
				294549CF1BDD68C000281995 /* Release */,
			);
			defaultConfigurationIsVisible = 0;
			defaultConfigurationName = Release;
		};
		294549D01BDD68C000281995 /* Build configuration list for PBXNativeTarget "hmm_aw" */ = {
			isa = XCConfigurationList;
			buildConfigurations = (
				294549D11BDD68C000281995 /* Debug */,
				294549D21BDD68C000281995 /* Release */,
			);
			defaultConfigurationIsVisible = 0;
			defaultConfigurationName = Release;
		};
		6717BEEA1E651AD300E2521D /* Build configuration list for PBXNativeTarget "hmm_awTest" */ = {
			isa = XCConfigurationList;
			buildConfigurations = (
				6717BEEB1E651AD300E2521D /* Debug */,
				6717BEEC1E651AD300E2521D /* Release */,
			);
			defaultConfigurationIsVisible = 0;
			defaultConfigurationName = Release;
		};
		6717BF071E6641D000E2521D /* Build configuration list for PBXNativeTarget "gtest" */ = {
			isa = XCConfigurationList;
			buildConfigurations = (
				6717BF081E6641D000E2521D /* Debug */,
				6717BF091E6641D000E2521D /* Release */,
			);
			defaultConfigurationIsVisible = 0;
			defaultConfigurationName = Release;
		};
		6717BF301E66595F00E2521D /* Build configuration list for PBXNativeTarget "hmm" */ = {
			isa = XCConfigurationList;
			buildConfigurations = (
				6717BF311E66595F00E2521D /* Debug */,
				6717BF321E66595F00E2521D /* Release */,
			);
			defaultConfigurationIsVisible = 0;
			defaultConfigurationName = Release;
		};
		676D6FF11E92E27200ECB684 /* Build configuration list for PBXNativeTarget "testlapacke" */ = {
			isa = XCConfigurationList;
			buildConfigurations = (
				676D6FF21E92E27200ECB684 /* Debug */,
				676D6FF31E92E27200ECB684 /* Release */,
			);
			defaultConfigurationIsVisible = 0;
			defaultConfigurationName = Release;
		};
		676D70061E92E72200ECB684 /* Build configuration list for PBXNativeTarget "testclapack" */ = {
			isa = XCConfigurationList;
			buildConfigurations = (
				676D70071E92E72200ECB684 /* Debug */,
				676D70081E92E72200ECB684 /* Release */,
			);
			defaultConfigurationIsVisible = 0;
			defaultConfigurationName = Release;
		};
		67F962C31E70E74C00482330 /* Build configuration list for PBXNativeTarget "mosek64_wrapper" */ = {
			isa = XCConfigurationList;
			buildConfigurations = (
				67F962C41E70E74C00482330 /* Debug */,
				67F962C51E70E74C00482330 /* Release */,
			);
			defaultConfigurationIsVisible = 0;
			defaultConfigurationName = Release;
		};
/* End XCConfigurationList section */
	};
	rootObject = 294549C11BDD68C000281995 /* Project object */;
}
